
Microsoft Visual Studio Solution File, Format Version 12.00
# Visual Studio Version 16
VisualStudioVersion = 16.0.30114.105
MinimumVisualStudioVersion = 10.0.40219.1
Project("{FAE04EC0-301F-11D3-BF4B-00C04F79EFBC}") = "AccountOwnerServer", "AccountOwnerServer\AccountOwnerServer.csproj", "{547A4129-3BBF-47A4-93DC-BE1F21DB77A7}"
EndProject
Project("{FAE04EC0-301F-11D3-BF4B-00C04F79EFBC}") = "Contracts", "Contracts\Contracts.csproj", "{BD219653-53F2-4CDE-945F-E0FB44BDCBE5}"
EndProject
Global
	GlobalSection(SolutionConfigurationPlatforms) = preSolution
		Debug|Any CPU = Debug|Any CPU
		Release|Any CPU = Release|Any CPU
	EndGlobalSection
	GlobalSection(SolutionProperties) = preSolution
		HideSolutionNode = FALSE
	EndGlobalSection
	GlobalSection(ProjectConfigurationPlatforms) = postSolution
		{547A4129-3BBF-47A4-93DC-BE1F21DB77A7}.Debug|Any CPU.ActiveCfg = Debug|Any CPU
		{547A4129-3BBF-47A4-93DC-BE1F21DB77A7}.Debug|Any CPU.Build.0 = Debug|Any CPU
		{547A4129-3BBF-47A4-93DC-BE1F21DB77A7}.Release|Any CPU.ActiveCfg = Release|Any CPU
		{547A4129-3BBF-47A4-93DC-BE1F21DB77A7}.Release|Any CPU.Build.0 = Release|Any CPU
		{BD219653-53F2-4CDE-945F-E0FB44BDCBE5}.Debug|Any CPU.ActiveCfg = Debug|Any CPU
		{BD219653-53F2-4CDE-945F-E0FB44BDCBE5}.Debug|Any CPU.Build.0 = Debug|Any CPU
		{BD219653-53F2-4CDE-945F-E0FB44BDCBE5}.Release|Any CPU.ActiveCfg = Release|Any CPU
		{BD219653-53F2-4CDE-945F-E0FB44BDCBE5}.Release|Any CPU.Build.0 = Release|Any CPU
	EndGlobalSection
EndGlobal
